{
  "name": "theo-build-these",
  "version": "0.1.0",
  "lockfileVersion": 3,
  "requires": true,
  "packages": {
    "": {
      "name": "theo-build-these",
      "version": "0.1.0",
      "license": "MIT",
      "workspaces": [
        "packages/*"
      ]
    },
    "node_modules/@build-these/agent-workspace": {
      "resolved": "packages/agent-workspace",
      "link": true
    },
    "node_modules/@build-these/dev-sync": {
      "resolved": "packages/dev-sync",
      "link": true
    },
    "node_modules/@build-these/mobile-lab": {
      "resolved": "packages/mobile-lab",
      "link": true
    },
    "node_modules/@build-these/safe-npx": {
      "resolved": "packages/safe-npx",
      "link": true
    },
    "node_modules/@build-these/source-vault": {
      "resolved": "packages/source-vault",
      "link": true
    },
    "node_modules/@build-these/weird-bench": {
      "resolved": "packages/weird-bench",
      "link": true
    },
    "packages/agent-workspace": {
      "name": "@build-these/agent-workspace",
      "version": "0.1.0",
      "license": "MIT",
      "bin": {
        "agent-workspace": "bin/agent-workspace.js"
      },
      "engines": {
        "node": ">=20"
      }
    },
    "packages/dev-sync": {
      "name": "@build-these/dev-sync",
      "version": "0.1.0",
      "license": "MIT",
      "bin": {
        "dev-sync": "bin/dev-sync.js"
      },
      "engines": {
        "node": ">=20"
      }
    },
    "packages/mobile-lab": {
      "name": "@build-these/mobile-lab",
      "version": "0.1.0",
      "license": "MIT",
      "bin": {
        "mobile-lab": "bin/mobile-lab.js"
      },
      "engines": {
        "node": ">=20"
      }
    },
    "packages/safe-npx": {
      "name": "@build-these/safe-npx",
      "version": "0.1.0",
      "license": "MIT",
      "bin": {
        "safe-npx": "bin/safe-npx.js"
      },
      "engines": {
        "node": ">=20"
      }
    },
    "packages/source-vault": {
      "name": "@build-these/source-vault",
      "version": "0.1.0",
      "license": "MIT",
      "bin": {
        "source-vault": "bin/source-vault.js"
      },
      "engines": {
        "node": ">=20"
      }
    },
    "packages/weird-bench": {
      "name": "@build-these/weird-bench",
      "version": "0.1.0",
      "license": "MIT",
      "bin": {
        "weird-bench": "bin/weird-bench.js"
      },
      "engines": {
        "node": ">=20"
      }
    }
  }
}
